// !$*UTF8*$!
{
	archiveVersion = 1;
	classes = {
	};
	objectVersion = 46;
	objects = {

/* Begin PBXBuildFile section */
		1D3623260D0F684500981E51 /* TableViewAppDelegate.m in Sources */ = {isa = PBXBuildFile; fileRef = 1D3623250D0F684500981E51 /* TableViewAppDelegate.m */; };
		1D60589B0D05DD56006BFB54 /* main.m in Sources */ = {isa = PBXBuildFile; fileRef = 29B97316FDCFA39411CA2CEA /* main.m */; };
		1D60589F0D05DD5A006BFB54 /* Foundation.framework in Frameworks */ = {isa = PBXBuildFile; fileRef = 1D30AB110D05D00D00671497 /* Foundation.framework */; };
		1DF5F4E00D08C38300B7A737 /* UIKit.framework in Frameworks */ = {isa = PBXBuildFile; fileRef = 1DF5F4DF0D08C38300B7A737 /* UIKit.framework */; };
		2892E4100DC94CBA00A64D0F /* CoreGraphics.framework in Frameworks */ = {isa = PBXBuildFile; fileRef = 2892E40F0DC94CBA00A64D0F /* CoreGraphics.framework */; };
		2899E5600DE3E45000AC0155 /* RootViewController.xib in Resources */ = {isa = PBXBuildFile; fileRef = 2899E55F0DE3E45000AC0155 /* RootViewController.xib */; };
		28AD73600D9D9599002E5188 /* MainWindow.xib in Resources */ = {isa = PBXBuildFile; fileRef = 28AD735F0D9D9599002E5188 /* MainWindow.xib */; };
		28C286E10D94DF7D0034E888 /* RootViewController.m in Sources */ = {isa = PBXBuildFile; fileRef = 28C286E00D94DF7D0034E888 /* RootViewController.m */; };
		3F1C79860F22964800A8D04C /* DetailViewController.m in Sources */ = {isa = PBXBuildFile; fileRef = 3F1C79850F22964800A8D04C /* DetailViewController.m */; };
		B40A9E881463B21D00B332CE /* log.png in Resources */ = {isa = PBXBuildFile; fileRef = B40A9E871463B21D00B332CE /* log.png */; };
		B40A9E8B1463B29200B332CE /* logs.png in Resources */ = {isa = PBXBuildFile; fileRef = B40A9E8A1463B29200B332CE /* logs.png */; };
		B40A9E951464D1B500B332CE /* TSAlertView.m in Sources */ = {isa = PBXBuildFile; fileRef = B40A9E8E1464D1B500B332CE /* TSAlertView.m */; };
		B40A9E961464D1B500B332CE /* TSAlertViewBackground.png in Resources */ = {isa = PBXBuildFile; fileRef = B40A9E8F1464D1B500B332CE /* TSAlertViewBackground.png */; };
		B40A9E971464D1B500B332CE /* TSAlertViewBackground2.png in Resources */ = {isa = PBXBuildFile; fileRef = B40A9E901464D1B500B332CE /* TSAlertViewBackground2.png */; };
		B40A9E981464D1B500B332CE /* TSAlertViewButtonBackground_Highlighted.png in Resources */ = {isa = PBXBuildFile; fileRef = B40A9E911464D1B500B332CE /* TSAlertViewButtonBackground_Highlighted.png */; };
		B40A9E991464D1B500B332CE /* TSAlertViewButtonBackground.png in Resources */ = {isa = PBXBuildFile; fileRef = B40A9E921464D1B500B332CE /* TSAlertViewButtonBackground.png */; };
		B40A9E9A1464D1B500B332CE /* TSAlertViewCancelButtonBackground.png in Resources */ = {isa = PBXBuildFile; fileRef = B40A9E931464D1B500B332CE /* TSAlertViewCancelButtonBackground.png */; };
		B40A9E9B1464D1B500B332CE /* TSAlertViewMessageListViewShadow.png in Resources */ = {isa = PBXBuildFile; fileRef = B40A9E941464D1B500B332CE /* TSAlertViewMessageListViewShadow.png */; };
		B42D39EE14673BD300EA1754 /* DetailView.xib in Resources */ = {isa = PBXBuildFile; fileRef = B42D39ED14673BD300EA1754 /* DetailView.xib */; };
		B42D3A051467523F00EA1754 /* earth2.png in Resources */ = {isa = PBXBuildFile; fileRef = B42D3A041467523F00EA1754 /* earth2.png */; };
		B42D3A131467B02200EA1754 /* MessageUI.framework in Frameworks */ = {isa = PBXBuildFile; fileRef = B42D3A121467B02200EA1754 /* MessageUI.framework */; };
		B42D3A151468F19000EA1754 /* AddressBookUI.framework in Frameworks */ = {isa = PBXBuildFile; fileRef = B42D3A141468F19000EA1754 /* AddressBookUI.framework */; };
		B42D3A1B14703EB200EA1754 /* QuartzCore.framework in Frameworks */ = {isa = PBXBuildFile; fileRef = B42D3A1A14703EB200EA1754 /* QuartzCore.framework */; };
		B45870A41478A81500F0F8D5 /* earth2-withpins.png in Resources */ = {isa = PBXBuildFile; fileRef = B45870A31478A81500F0F8D5 /* earth2-withpins.png */; };
		B45870AE1478A98E00F0F8D5 /* Pinned Trail - Small.png in Resources */ = {isa = PBXBuildFile; fileRef = B45870AD1478A98E00F0F8D5 /* Pinned Trail - Small.png */; };
		B45870AF1478A9AB00F0F8D5 /* Default.png in Resources */ = {isa = PBXBuildFile; fileRef = B45870AB1478A90400F0F8D5 /* Default.png */; };
		B45870B11478AA7E00F0F8D5 /* earth2-withpins-small.png in Resources */ = {isa = PBXBuildFile; fileRef = B45870B01478AA7E00F0F8D5 /* earth2-withpins-small.png */; };
		B45870B31478AA9800F0F8D5 /* Pinned Trail - Large.png in Resources */ = {isa = PBXBuildFile; fileRef = B45870B21478AA9800F0F8D5 /* Pinned Trail - Large.png */; };
		B45870B51478AAC500F0F8D5 /* Default@2x.png in Resources */ = {isa = PBXBuildFile; fileRef = B45870B41478AAC500F0F8D5 /* Default@2x.png */; };
		B45C851D147CD33E001D0ADF /* Entitlements.plist in Resources */ = {isa = PBXBuildFile; fileRef = B45C851C147CD33E001D0ADF /* Entitlements.plist */; };
		B46C06AC147622E700BC9C5F /* Settings.bundle in Resources */ = {isa = PBXBuildFile; fileRef = B46C06AB147622E700BC9C5F /* Settings.bundle */; };
		B46C06B31476369E00BC9C5F /* SplashScreen.m in Sources */ = {isa = PBXBuildFile; fileRef = B46C06B11476369E00BC9C5F /* SplashScreen.m */; };
		B46C06B614763A1700BC9C5F /* SplashScreen.xib in Resources */ = {isa = PBXBuildFile; fileRef = B46C06B514763A1700BC9C5F /* SplashScreen.xib */; };
		B47745D51474D6F100B9513F /* linen_bg_tile.jpg in Resources */ = {isa = PBXBuildFile; fileRef = B47745D41474D6F100B9513F /* linen_bg_tile.jpg */; };
		B4E4E121145A680E00ED4D33 /* MapKit.framework in Frameworks */ = {isa = PBXBuildFile; fileRef = B4E4E120145A680E00ED4D33 /* MapKit.framework */; };
		B4E4E131145A6ADF00ED4D33 /* MyLocation.m in Sources */ = {isa = PBXBuildFile; fileRef = B4E4E12C145A6ADF00ED4D33 /* MyLocation.m */; };
		B4E4E132145A6ADF00ED4D33 /* TripsView.m in Sources */ = {isa = PBXBuildFile; fileRef = B4E4E12E145A6ADF00ED4D33 /* TripsView.m */; };
		B4E4E133145A6ADF00ED4D33 /* Trip.m in Sources */ = {isa = PBXBuildFile; fileRef = B4E4E130145A6ADF00ED4D33 /* Trip.m */; };
		B4E4E135145A739600ED4D33 /* CoreLocation.framework in Frameworks */ = {isa = PBXBuildFile; fileRef = B4E4E134145A739600ED4D33 /* CoreLocation.framework */; };
		B4E4E13B145A87D000ED4D33 /* CoreLocationController.m in Sources */ = {isa = PBXBuildFile; fileRef = B4E4E13A145A87D000ED4D33 /* CoreLocationController.m */; };
		F1064DAF1511BE1500475567 /* APIWorker.m in Sources */ = {isa = PBXBuildFile; fileRef = F1064DAD1511BD4400475567 /* APIWorker.m */; };
		F1064DB01511BE1A00475567 /* Controller.m in Sources */ = {isa = PBXBuildFile; fileRef = F1064DA81511BD4400475567 /* Controller.m */; };
		F1064DB11511BE2900475567 /* Wrapper.m in Sources */ = {isa = PBXBuildFile; fileRef = F1064DAA1511BD4400475567 /* Wrapper.m */; };
		F10CB8C01555E35A008B12DD /* Appirater.m in Sources */ = {isa = PBXBuildFile; fileRef = F10CB8BD1555E337008B12DD /* Appirater.m */; };
		F10CB8C31555E620008B12DD /* CFNetwork.framework in Frameworks */ = {isa = PBXBuildFile; fileRef = F10CB8C21555E620008B12DD /* CFNetwork.framework */; };
		F10CB8C51555E627008B12DD /* SystemConfiguration.framework in Frameworks */ = {isa = PBXBuildFile; fileRef = F10CB8C41555E627008B12DD /* SystemConfiguration.framework */; };
		F12E9CDB153FC654000B2B0D /* libFlurryAnalytics.a in Frameworks */ = {isa = PBXBuildFile; fileRef = F12E9CDA153FC654000B2B0D /* libFlurryAnalytics.a */; };
		F1385CF814F027FC00596B26 /* MainWindowIPad.xib in Resources */ = {isa = PBXBuildFile; fileRef = F1385CF714F027FC00596B26 /* MainWindowIPad.xib */; };
		F1385CF914F029AD00596B26 /* earth2-withpins72x72.png in Resources */ = {isa = PBXBuildFile; fileRef = F185152714D8DD9800F01EAE /* earth2-withpins72x72.png */; };
		F13D17131583A1D500D89DF0 /* StoreKit.framework in Frameworks */ = {isa = PBXBuildFile; fileRef = F13D17121583A1D500D89DF0 /* StoreKit.framework */; };
		F13D17171583A20300D89DF0 /* InAppPurchaseManager.m in Sources */ = {isa = PBXBuildFile; fileRef = F13D17161583A20300D89DF0 /* InAppPurchaseManager.m */; };
		F13D171A1583A35800D89DF0 /* SKProduct+LocalizedPrice.m in Sources */ = {isa = PBXBuildFile; fileRef = F13D17191583A35800D89DF0 /* SKProduct+LocalizedPrice.m */; };
		F161EA331505F565007466CB /* gears.png in Resources */ = {isa = PBXBuildFile; fileRef = F161EA321505F565007466CB /* gears.png */; };
		F161ECDE1505F95A007466CB /* IASKAppSettingsViewController.m in Sources */ = {isa = PBXBuildFile; fileRef = F161ECB81505F959007466CB /* IASKAppSettingsViewController.m */; };
		F161ECDF1505F95A007466CB /* IASKAppSettingsWebViewController.m in Sources */ = {isa = PBXBuildFile; fileRef = F161ECBA1505F959007466CB /* IASKAppSettingsWebViewController.m */; };
		F161ECE01505F95A007466CB /* IASKSpecifierValuesViewController.m in Sources */ = {isa = PBXBuildFile; fileRef = F161ECBC1505F959007466CB /* IASKSpecifierValuesViewController.m */; };
		F161ECE11505F95A007466CB /* IASKSettingsReader.m in Sources */ = {isa = PBXBuildFile; fileRef = F161ECBF1505F959007466CB /* IASKSettingsReader.m */; };
		F161ECE21505F95A007466CB /* IASKSettingsStore.m in Sources */ = {isa = PBXBuildFile; fileRef = F161ECC11505F959007466CB /* IASKSettingsStore.m */; };
		F161ECE31505F95A007466CB /* IASKSettingsStoreFile.m in Sources */ = {isa = PBXBuildFile; fileRef = F161ECC31505F959007466CB /* IASKSettingsStoreFile.m */; };
		F161ECE41505F95A007466CB /* IASKSettingsStoreUserDefaults.m in Sources */ = {isa = PBXBuildFile; fileRef = F161ECC51505F959007466CB /* IASKSettingsStoreUserDefaults.m */; };
		F161ECE51505F95A007466CB /* IASKSpecifier.m in Sources */ = {isa = PBXBuildFile; fileRef = F161ECC71505F959007466CB /* IASKSpecifier.m */; };
		F161ECE61505F95A007466CB /* IASKPSSliderSpecifierViewCell.m in Sources */ = {isa = PBXBuildFile; fileRef = F161ECCA1505F95A007466CB /* IASKPSSliderSpecifierViewCell.m */; };
		F161ECE71505F95A007466CB /* IASKPSTextFieldSpecifierViewCell.m in Sources */ = {isa = PBXBuildFile; fileRef = F161ECCC1505F95A007466CB /* IASKPSTextFieldSpecifierViewCell.m */; };
		F161ECE81505F95A007466CB /* IASKPSTitleValueSpecifierViewCell.m in Sources */ = {isa = PBXBuildFile; fileRef = F161ECCE1505F95A007466CB /* IASKPSTitleValueSpecifierViewCell.m */; };
		F161ECE91505F95A007466CB /* IASKPSToggleSwitchSpecifierViewCell.m in Sources */ = {isa = PBXBuildFile; fileRef = F161ECD01505F95A007466CB /* IASKPSToggleSwitchSpecifierViewCell.m */; };
		F161ECEA1505F95A007466CB /* IASKSlider.m in Sources */ = {isa = PBXBuildFile; fileRef = F161ECD21505F95A007466CB /* IASKSlider.m */; };
		F161ECEB1505F95A007466CB /* IASKSwitch.m in Sources */ = {isa = PBXBuildFile; fileRef = F161ECD41505F95A007466CB /* IASKSwitch.m */; };
		F161ECEC1505F95A007466CB /* IASKTextField.m in Sources */ = {isa = PBXBuildFile; fileRef = F161ECD61505F95A007466CB /* IASKTextField.m */; };
		F161ECED1505F95A007466CB /* IASKAppSettingsView.xib in Resources */ = {isa = PBXBuildFile; fileRef = F161ECD81505F95A007466CB /* IASKAppSettingsView.xib */; };
		F161ECEE1505F95A007466CB /* IASKAppSettingsWebView.xib in Resources */ = {isa = PBXBuildFile; fileRef = F161ECD91505F95A007466CB /* IASKAppSettingsWebView.xib */; };
		F161ECEF1505F95A007466CB /* IASKPSSliderSpecifierViewCell.xib in Resources */ = {isa = PBXBuildFile; fileRef = F161ECDA1505F95A007466CB /* IASKPSSliderSpecifierViewCell.xib */; };
		F161ECF01505F95A007466CB /* IASKPSTextFieldSpecifierViewCell.xib in Resources */ = {isa = PBXBuildFile; fileRef = F161ECDB1505F95A007466CB /* IASKPSTextFieldSpecifierViewCell.xib */; };
		F161ECF11505F95A007466CB /* IASKPSToggleSwitchSpecifierViewCell.xib in Resources */ = {isa = PBXBuildFile; fileRef = F161ECDC1505F95A007466CB /* IASKPSToggleSwitchSpecifierViewCell.xib */; };
		F161ECF21505F95A007466CB /* IASKSpecifierValuesView.xib in Resources */ = {isa = PBXBuildFile; fileRef = F161ECDD1505F95A007466CB /* IASKSpecifierValuesView.xib */; };
		F185151B14D79C5800F01EAE /* RootViewControllerIPad.xib in Resources */ = {isa = PBXBuildFile; fileRef = F185151A14D79C5800F01EAE /* RootViewControllerIPad.xib */; };
		F185151E14D79C7C00F01EAE /* DetailViewIPad.xib in Resources */ = {isa = PBXBuildFile; fileRef = F185151D14D79C7C00F01EAE /* DetailViewIPad.xib */; };
		F185152414D79FB500F01EAE /* MainWindow-iPad.xib in Resources */ = {isa = PBXBuildFile; fileRef = F185152314D79FB500F01EAE /* MainWindow-iPad.xib */; };
		F185152614D8DBC100F01EAE /* imgres.jpeg in Resources */ = {isa = PBXBuildFile; fileRef = F185152514D8DBC100F01EAE /* imgres.jpeg */; };
		F189E94C15564DAE007B381C /* note_edit.png in Resources */ = {isa = PBXBuildFile; fileRef = F189E94515564DAE007B381C /* note_edit.png */; };
		F189E94E15564DAE007B381C /* document_prepare.png in Resources */ = {isa = PBXBuildFile; fileRef = F189E94715564DAE007B381C /* document_prepare.png */; };
		F194D4C4155ED4150041A74E /* Root.inApp.plist in Resources */ = {isa = PBXBuildFile; fileRef = F194D4C3155ED4150041A74E /* Root.inApp.plist */; };
/* End PBXBuildFile section */

/* Begin PBXFileReference section */
		1D30AB110D05D00D00671497 /* Foundation.framework */ = {isa = PBXFileReference; lastKnownFileType = wrapper.framework; name = Foundation.framework; path = System/Library/Frameworks/Foundation.framework; sourceTree = SDKROOT; };
		1D3623240D0F684500981E51 /* TableViewAppDelegate.h */ = {isa = PBXFileReference; fileEncoding = 4; lastKnownFileType = sourcecode.c.h; path = TableViewAppDelegate.h; sourceTree = "<group>"; };
		1D3623250D0F684500981E51 /* TableViewAppDelegate.m */ = {isa = PBXFileReference; fileEncoding = 4; lastKnownFileType = sourcecode.c.objc; path = TableViewAppDelegate.m; sourceTree = "<group>"; };
		1D6058910D05DD3D006BFB54 /* TripLog.app */ = {isa = PBXFileReference; explicitFileType = wrapper.application; includeInIndex = 0; path = TripLog.app; sourceTree = BUILT_PRODUCTS_DIR; };
		1DF5F4DF0D08C38300B7A737 /* UIKit.framework */ = {isa = PBXFileReference; lastKnownFileType = wrapper.framework; name = UIKit.framework; path = System/Library/Frameworks/UIKit.framework; sourceTree = SDKROOT; };
		2892E40F0DC94CBA00A64D0F /* CoreGraphics.framework */ = {isa = PBXFileReference; lastKnownFileType = wrapper.framework; name = CoreGraphics.framework; path = System/Library/Frameworks/CoreGraphics.framework; sourceTree = SDKROOT; };
		2899E55F0DE3E45000AC0155 /* RootViewController.xib */ = {isa = PBXFileReference; lastKnownFileType = file.xib; path = RootViewController.xib; sourceTree = "<group>"; };
		28A0AAE50D9B0CCF005BE974 /* TripLog_Prefix.pch */ = {isa = PBXFileReference; fileEncoding = 4; lastKnownFileType = sourcecode.c.h; path = TripLog_Prefix.pch; sourceTree = "<group>"; };
		28AD735F0D9D9599002E5188 /* MainWindow.xib */ = {isa = PBXFileReference; lastKnownFileType = file.xib; path = MainWindow.xib; sourceTree = "<group>"; };
		28C286DF0D94DF7D0034E888 /* RootViewController.h */ = {isa = PBXFileReference; fileEncoding = 4; lastKnownFileType = sourcecode.c.h; path = RootViewController.h; sourceTree = "<group>"; };
		28C286E00D94DF7D0034E888 /* RootViewController.m */ = {isa = PBXFileReference; fileEncoding = 4; lastKnownFileType = sourcecode.c.objc; path = RootViewController.m; sourceTree = "<group>"; };
		29B97316FDCFA39411CA2CEA /* main.m */ = {isa = PBXFileReference; fileEncoding = 4; lastKnownFileType = sourcecode.c.objc; path = main.m; sourceTree = "<group>"; };
		3F1C79840F22964800A8D04C /* DetailViewController.h */ = {isa = PBXFileReference; fileEncoding = 4; lastKnownFileType = sourcecode.c.h; path = DetailViewController.h; sourceTree = "<group>"; };
		3F1C79850F22964800A8D04C /* DetailViewController.m */ = {isa = PBXFileReference; fileEncoding = 4; lastKnownFileType = sourcecode.c.objc; path = DetailViewController.m; sourceTree = "<group>"; };
		8D1107310486CEB800E47090 /* Info.plist */ = {isa = PBXFileReference; fileEncoding = 4; lastKnownFileType = text.plist.xml; path = Info.plist; sourceTree = "<group>"; };
		B40A9E871463B21D00B332CE /* log.png */ = {isa = PBXFileReference; lastKnownFileType = image.png; path = log.png; sourceTree = "<group>"; };
		B40A9E8A1463B29200B332CE /* logs.png */ = {isa = PBXFileReference; lastKnownFileType = image.png; path = logs.png; sourceTree = "<group>"; };
		B40A9E8D1464D1B500B332CE /* TSAlertView.h */ = {isa = PBXFileReference; fileEncoding = 4; lastKnownFileType = sourcecode.c.h; path = TSAlertView.h; sourceTree = "<group>"; };
		B40A9E8E1464D1B500B332CE /* TSAlertView.m */ = {isa = PBXFileReference; fileEncoding = 4; lastKnownFileType = sourcecode.c.objc; path = TSAlertView.m; sourceTree = "<group>"; };
		B40A9E8F1464D1B500B332CE /* TSAlertViewBackground.png */ = {isa = PBXFileReference; lastKnownFileType = image.png; path = TSAlertViewBackground.png; sourceTree = "<group>"; };
		B40A9E901464D1B500B332CE /* TSAlertViewBackground2.png */ = {isa = PBXFileReference; lastKnownFileType = image.png; path = TSAlertViewBackground2.png; sourceTree = "<group>"; };
		B40A9E911464D1B500B332CE /* TSAlertViewButtonBackground_Highlighted.png */ = {isa = PBXFileReference; lastKnownFileType = image.png; path = TSAlertViewButtonBackground_Highlighted.png; sourceTree = "<group>"; };
		B40A9E921464D1B500B332CE /* TSAlertViewButtonBackground.png */ = {isa = PBXFileReference; lastKnownFileType = image.png; path = TSAlertViewButtonBackground.png; sourceTree = "<group>"; };
		B40A9E931464D1B500B332CE /* TSAlertViewCancelButtonBackground.png */ = {isa = PBXFileReference; lastKnownFileType = image.png; path = TSAlertViewCancelButtonBackground.png; sourceTree = "<group>"; };
		B40A9E941464D1B500B332CE /* TSAlertViewMessageListViewShadow.png */ = {isa = PBXFileReference; lastKnownFileType = image.png; path = TSAlertViewMessageListViewShadow.png; sourceTree = "<group>"; };
		B42D39ED14673BD300EA1754 /* DetailView.xib */ = {isa = PBXFileReference; fileEncoding = 4; lastKnownFileType = file.xib; path = DetailView.xib; sourceTree = "<group>"; };
		B42D3A011467512B00EA1754 /* images.png */ = {isa = PBXFileReference; lastKnownFileType = image.png; path = images.png; sourceTree = "<group>"; };
		B42D3A041467523F00EA1754 /* earth2.png */ = {isa = PBXFileReference; lastKnownFileType = image.png; path = earth2.png; sourceTree = "<group>"; };
		B42D3A121467B02200EA1754 /* MessageUI.framework */ = {isa = PBXFileReference; lastKnownFileType = wrapper.framework; name = MessageUI.framework; path = System/Library/Frameworks/MessageUI.framework; sourceTree = SDKROOT; };
		B42D3A141468F19000EA1754 /* AddressBookUI.framework */ = {isa = PBXFileReference; lastKnownFileType = wrapper.framework; name = AddressBookUI.framework; path = System/Library/Frameworks/AddressBookUI.framework; sourceTree = SDKROOT; };
		B42D3A1A14703EB200EA1754 /* QuartzCore.framework */ = {isa = PBXFileReference; lastKnownFileType = wrapper.framework; name = QuartzCore.framework; path = System/Library/Frameworks/QuartzCore.framework; sourceTree = SDKROOT; };
		B45870A31478A81500F0F8D5 /* earth2-withpins.png */ = {isa = PBXFileReference; lastKnownFileType = image.png; path = "earth2-withpins.png"; sourceTree = "<group>"; };
		B45870AB1478A90400F0F8D5 /* Default.png */ = {isa = PBXFileReference; lastKnownFileType = image.png; path = Default.png; sourceTree = "<group>"; };
		B45870AD1478A98E00F0F8D5 /* Pinned Trail - Small.png */ = {isa = PBXFileReference; lastKnownFileType = image.png; path = "Pinned Trail - Small.png"; sourceTree = "<group>"; };
		B45870B01478AA7E00F0F8D5 /* earth2-withpins-small.png */ = {isa = PBXFileReference; lastKnownFileType = image.png; path = "earth2-withpins-small.png"; sourceTree = "<group>"; };
		B45870B21478AA9800F0F8D5 /* Pinned Trail - Large.png */ = {isa = PBXFileReference; lastKnownFileType = image.png; path = "Pinned Trail - Large.png"; sourceTree = "<group>"; };
		B45870B41478AAC500F0F8D5 /* Default@2x.png */ = {isa = PBXFileReference; lastKnownFileType = image.png; path = "Default@2x.png"; sourceTree = "<group>"; };
		B45C851C147CD33E001D0ADF /* Entitlements.plist */ = {isa = PBXFileReference; fileEncoding = 4; lastKnownFileType = text.plist.xml; path = Entitlements.plist; sourceTree = "<group>"; };
		B46C06AB147622E700BC9C5F /* Settings.bundle */ = {isa = PBXFileReference; lastKnownFileType = "wrapper.plug-in"; path = Settings.bundle; sourceTree = "<group>"; };
		B46C06B01476369E00BC9C5F /* SplashScreen.h */ = {isa = PBXFileReference; fileEncoding = 4; lastKnownFileType = sourcecode.c.h; name = SplashScreen.h; path = ../SplashScreen.h; sourceTree = "<group>"; };
		B46C06B11476369E00BC9C5F /* SplashScreen.m */ = {isa = PBXFileReference; fileEncoding = 4; lastKnownFileType = sourcecode.c.objc; name = SplashScreen.m; path = ../SplashScreen.m; sourceTree = "<group>"; };
		B46C06B514763A1700BC9C5F /* SplashScreen.xib */ = {isa = PBXFileReference; fileEncoding = 4; lastKnownFileType = file.xib; path = SplashScreen.xib; sourceTree = "<group>"; };
		B47745D41474D6F100B9513F /* linen_bg_tile.jpg */ = {isa = PBXFileReference; lastKnownFileType = image.jpeg; path = linen_bg_tile.jpg; sourceTree = "<group>"; };
		B4E4E120145A680E00ED4D33 /* MapKit.framework */ = {isa = PBXFileReference; lastKnownFileType = wrapper.framework; name = MapKit.framework; path = System/Library/Frameworks/MapKit.framework; sourceTree = SDKROOT; };
		B4E4E12B145A6ADF00ED4D33 /* MyLocation.h */ = {isa = PBXFileReference; fileEncoding = 4; lastKnownFileType = sourcecode.c.h; path = MyLocation.h; sourceTree = "<group>"; };
		B4E4E12C145A6ADF00ED4D33 /* MyLocation.m */ = {isa = PBXFileReference; fileEncoding = 4; lastKnownFileType = sourcecode.c.objc; path = MyLocation.m; sourceTree = "<group>"; };
		B4E4E12D145A6ADF00ED4D33 /* TripsView.h */ = {isa = PBXFileReference; fileEncoding = 4; lastKnownFileType = sourcecode.c.h; path = TripsView.h; sourceTree = "<group>"; };
		B4E4E12E145A6ADF00ED4D33 /* TripsView.m */ = {isa = PBXFileReference; fileEncoding = 4; lastKnownFileType = sourcecode.c.objc; path = TripsView.m; sourceTree = "<group>"; };
		B4E4E12F145A6ADF00ED4D33 /* Trip.h */ = {isa = PBXFileReference; fileEncoding = 4; lastKnownFileType = sourcecode.c.h; path = Trip.h; sourceTree = "<group>"; };
		B4E4E130145A6ADF00ED4D33 /* Trip.m */ = {isa = PBXFileReference; fileEncoding = 4; lastKnownFileType = sourcecode.c.objc; path = Trip.m; sourceTree = "<group>"; };
		B4E4E134145A739600ED4D33 /* CoreLocation.framework */ = {isa = PBXFileReference; lastKnownFileType = wrapper.framework; name = CoreLocation.framework; path = System/Library/Frameworks/CoreLocation.framework; sourceTree = SDKROOT; };
		B4E4E139145A87D000ED4D33 /* CoreLocationController.h */ = {isa = PBXFileReference; fileEncoding = 4; lastKnownFileType = sourcecode.c.h; path = CoreLocationController.h; sourceTree = "<group>"; };
		B4E4E13A145A87D000ED4D33 /* CoreLocationController.m */ = {isa = PBXFileReference; fileEncoding = 4; lastKnownFileType = sourcecode.c.objc; path = CoreLocationController.m; sourceTree = "<group>"; };
		F1064DA71511BD4400475567 /* Controller.h */ = {isa = PBXFileReference; lastKnownFileType = sourcecode.c.h; path = Controller.h; sourceTree = "<group>"; };
		F1064DA81511BD4400475567 /* Controller.m */ = {isa = PBXFileReference; lastKnownFileType = sourcecode.c.objc; path = Controller.m; sourceTree = "<group>"; };
		F1064DA91511BD4400475567 /* Wrapper.h */ = {isa = PBXFileReference; lastKnownFileType = sourcecode.c.h; path = Wrapper.h; sourceTree = "<group>"; };
		F1064DAA1511BD4400475567 /* Wrapper.m */ = {isa = PBXFileReference; lastKnownFileType = sourcecode.c.objc; path = Wrapper.m; sourceTree = "<group>"; };
		F1064DAB1511BD4400475567 /* WrapperDelegate.h */ = {isa = PBXFileReference; lastKnownFileType = sourcecode.c.h; path = WrapperDelegate.h; sourceTree = "<group>"; };
		F1064DAC1511BD4400475567 /* APIWorker.h */ = {isa = PBXFileReference; lastKnownFileType = sourcecode.c.h; path = APIWorker.h; sourceTree = "<group>"; };
		F1064DAD1511BD4400475567 /* APIWorker.m */ = {isa = PBXFileReference; lastKnownFileType = sourcecode.c.objc; path = APIWorker.m; sourceTree = "<group>"; };
		F10CB8BD1555E337008B12DD /* Appirater.m */ = {isa = PBXFileReference; lastKnownFileType = sourcecode.c.objc; path = Appirater.m; sourceTree = "<group>"; };
		F10CB8BE1555E337008B12DD /* Appirater.h */ = {isa = PBXFileReference; lastKnownFileType = sourcecode.c.h; path = Appirater.h; sourceTree = "<group>"; };
		F10CB8C21555E620008B12DD /* CFNetwork.framework */ = {isa = PBXFileReference; lastKnownFileType = wrapper.framework; name = CFNetwork.framework; path = System/Library/Frameworks/CFNetwork.framework; sourceTree = SDKROOT; };
		F10CB8C41555E627008B12DD /* SystemConfiguration.framework */ = {isa = PBXFileReference; lastKnownFileType = wrapper.framework; name = SystemConfiguration.framework; path = System/Library/Frameworks/SystemConfiguration.framework; sourceTree = SDKROOT; };
		F12E9CD9153FC654000B2B0D /* FlurryAnalytics.h */ = {isa = PBXFileReference; fileEncoding = 4; lastKnownFileType = sourcecode.c.h; path = FlurryAnalytics.h; sourceTree = "<group>"; };
		F12E9CDA153FC654000B2B0D /* libFlurryAnalytics.a */ = {isa = PBXFileReference; lastKnownFileType = archive.ar; path = libFlurryAnalytics.a; sourceTree = "<group>"; };
		F1385CF714F027FC00596B26 /* MainWindowIPad.xib */ = {isa = PBXFileReference; fileEncoding = 4; lastKnownFileType = file.xib; path = MainWindowIPad.xib; sourceTree = "<group>"; };
		F13D17121583A1D500D89DF0 /* StoreKit.framework */ = {isa = PBXFileReference; lastKnownFileType = wrapper.framework; name = StoreKit.framework; path = System/Library/Frameworks/StoreKit.framework; sourceTree = SDKROOT; };
		F13D17151583A20300D89DF0 /* InAppPurchaseManager.h */ = {isa = PBXFileReference; fileEncoding = 4; lastKnownFileType = sourcecode.c.h; path = InAppPurchaseManager.h; sourceTree = "<group>"; };
		F13D17161583A20300D89DF0 /* InAppPurchaseManager.m */ = {isa = PBXFileReference; fileEncoding = 4; lastKnownFileType = sourcecode.c.objc; path = InAppPurchaseManager.m; sourceTree = "<group>"; };
		F13D17181583A35800D89DF0 /* SKProduct+LocalizedPrice.h */ = {isa = PBXFileReference; fileEncoding = 4; lastKnownFileType = sourcecode.c.h; path = "SKProduct+LocalizedPrice.h"; sourceTree = "<group>"; };
		F13D17191583A35800D89DF0 /* SKProduct+LocalizedPrice.m */ = {isa = PBXFileReference; fileEncoding = 4; lastKnownFileType = sourcecode.c.objc; path = "SKProduct+LocalizedPrice.m"; sourceTree = "<group>"; };
		F161EA321505F565007466CB /* gears.png */ = {isa = PBXFileReference; lastKnownFileType = image.png; path = gears.png; sourceTree = "<group>"; };
		F161ECB71505F959007466CB /* IASKAppSettingsViewController.h */ = {isa = PBXFileReference; fileEncoding = 4; lastKnownFileType = sourcecode.c.h; path = IASKAppSettingsViewController.h; sourceTree = "<group>"; };
		F161ECB81505F959007466CB /* IASKAppSettingsViewController.m */ = {isa = PBXFileReference; fileEncoding = 4; lastKnownFileType = sourcecode.c.objc; path = IASKAppSettingsViewController.m; sourceTree = "<group>"; };
		F161ECB91505F959007466CB /* IASKAppSettingsWebViewController.h */ = {isa = PBXFileReference; fileEncoding = 4; lastKnownFileType = sourcecode.c.h; path = IASKAppSettingsWebViewController.h; sourceTree = "<group>"; };
		F161ECBA1505F959007466CB /* IASKAppSettingsWebViewController.m */ = {isa = PBXFileReference; fileEncoding = 4; lastKnownFileType = sourcecode.c.objc; path = IASKAppSettingsWebViewController.m; sourceTree = "<group>"; };
		F161ECBB1505F959007466CB /* IASKSpecifierValuesViewController.h */ = {isa = PBXFileReference; fileEncoding = 4; lastKnownFileType = sourcecode.c.h; path = IASKSpecifierValuesViewController.h; sourceTree = "<group>"; };
		F161ECBC1505F959007466CB /* IASKSpecifierValuesViewController.m */ = {isa = PBXFileReference; fileEncoding = 4; lastKnownFileType = sourcecode.c.objc; path = IASKSpecifierValuesViewController.m; sourceTree = "<group>"; };
		F161ECBE1505F959007466CB /* IASKSettingsReader.h */ = {isa = PBXFileReference; fileEncoding = 4; lastKnownFileType = sourcecode.c.h; path = IASKSettingsReader.h; sourceTree = "<group>"; };
		F161ECBF1505F959007466CB /* IASKSettingsReader.m */ = {isa = PBXFileReference; fileEncoding = 4; lastKnownFileType = sourcecode.c.objc; path = IASKSettingsReader.m; sourceTree = "<group>"; };
		F161ECC01505F959007466CB /* IASKSettingsStore.h */ = {isa = PBXFileReference; fileEncoding = 4; lastKnownFileType = sourcecode.c.h; path = IASKSettingsStore.h; sourceTree = "<group>"; };
		F161ECC11505F959007466CB /* IASKSettingsStore.m */ = {isa = PBXFileReference; fileEncoding = 4; lastKnownFileType = sourcecode.c.objc; path = IASKSettingsStore.m; sourceTree = "<group>"; };
		F161ECC21505F959007466CB /* IASKSettingsStoreFile.h */ = {isa = PBXFileReference; fileEncoding = 4; lastKnownFileType = sourcecode.c.h; path = IASKSettingsStoreFile.h; sourceTree = "<group>"; };
		F161ECC31505F959007466CB /* IASKSettingsStoreFile.m */ = {isa = PBXFileReference; fileEncoding = 4; lastKnownFileType = sourcecode.c.objc; path = IASKSettingsStoreFile.m; sourceTree = "<group>"; };
		F161ECC41505F959007466CB /* IASKSettingsStoreUserDefaults.h */ = {isa = PBXFileReference; fileEncoding = 4; lastKnownFileType = sourcecode.c.h; path = IASKSettingsStoreUserDefaults.h; sourceTree = "<group>"; };
		F161ECC51505F959007466CB /* IASKSettingsStoreUserDefaults.m */ = {isa = PBXFileReference; fileEncoding = 4; lastKnownFileType = sourcecode.c.objc; path = IASKSettingsStoreUserDefaults.m; sourceTree = "<group>"; };
		F161ECC61505F959007466CB /* IASKSpecifier.h */ = {isa = PBXFileReference; fileEncoding = 4; lastKnownFileType = sourcecode.c.h; path = IASKSpecifier.h; sourceTree = "<group>"; };
		F161ECC71505F959007466CB /* IASKSpecifier.m */ = {isa = PBXFileReference; fileEncoding = 4; lastKnownFileType = sourcecode.c.objc; path = IASKSpecifier.m; sourceTree = "<group>"; };
		F161ECC91505F95A007466CB /* IASKPSSliderSpecifierViewCell.h */ = {isa = PBXFileReference; fileEncoding = 4; lastKnownFileType = sourcecode.c.h; path = IASKPSSliderSpecifierViewCell.h; sourceTree = "<group>"; };
		F161ECCA1505F95A007466CB /* IASKPSSliderSpecifierViewCell.m */ = {isa = PBXFileReference; fileEncoding = 4; lastKnownFileType = sourcecode.c.objc; path = IASKPSSliderSpecifierViewCell.m; sourceTree = "<group>"; };
		F161ECCB1505F95A007466CB /* IASKPSTextFieldSpecifierViewCell.h */ = {isa = PBXFileReference; fileEncoding = 4; lastKnownFileType = sourcecode.c.h; path = IASKPSTextFieldSpecifierViewCell.h; sourceTree = "<group>"; };
		F161ECCC1505F95A007466CB /* IASKPSTextFieldSpecifierViewCell.m */ = {isa = PBXFileReference; fileEncoding = 4; lastKnownFileType = sourcecode.c.objc; path = IASKPSTextFieldSpecifierViewCell.m; sourceTree = "<group>"; };
		F161ECCD1505F95A007466CB /* IASKPSTitleValueSpecifierViewCell.h */ = {isa = PBXFileReference; fileEncoding = 4; lastKnownFileType = sourcecode.c.h; path = IASKPSTitleValueSpecifierViewCell.h; sourceTree = "<group>"; };
		F161ECCE1505F95A007466CB /* IASKPSTitleValueSpecifierViewCell.m */ = {isa = PBXFileReference; fileEncoding = 4; lastKnownFileType = sourcecode.c.objc; path = IASKPSTitleValueSpecifierViewCell.m; sourceTree = "<group>"; };
		F161ECCF1505F95A007466CB /* IASKPSToggleSwitchSpecifierViewCell.h */ = {isa = PBXFileReference; fileEncoding = 4; lastKnownFileType = sourcecode.c.h; path = IASKPSToggleSwitchSpecifierViewCell.h; sourceTree = "<group>"; };
		F161ECD01505F95A007466CB /* IASKPSToggleSwitchSpecifierViewCell.m */ = {isa = PBXFileReference; fileEncoding = 4; lastKnownFileType = sourcecode.c.objc; path = IASKPSToggleSwitchSpecifierViewCell.m; sourceTree = "<group>"; };
		F161ECD11505F95A007466CB /* IASKSlider.h */ = {isa = PBXFileReference; fileEncoding = 4; lastKnownFileType = sourcecode.c.h; path = IASKSlider.h; sourceTree = "<group>"; };
		F161ECD21505F95A007466CB /* IASKSlider.m */ = {isa = PBXFileReference; fileEncoding = 4; lastKnownFileType = sourcecode.c.objc; path = IASKSlider.m; sourceTree = "<group>"; };
		F161ECD31505F95A007466CB /* IASKSwitch.h */ = {isa = PBXFileReference; fileEncoding = 4; lastKnownFileType = sourcecode.c.h; path = IASKSwitch.h; sourceTree = "<group>"; };
		F161ECD41505F95A007466CB /* IASKSwitch.m */ = {isa = PBXFileReference; fileEncoding = 4; lastKnownFileType = sourcecode.c.objc; path = IASKSwitch.m; sourceTree = "<group>"; };
		F161ECD51505F95A007466CB /* IASKTextField.h */ = {isa = PBXFileReference; fileEncoding = 4; lastKnownFileType = sourcecode.c.h; path = IASKTextField.h; sourceTree = "<group>"; };
		F161ECD61505F95A007466CB /* IASKTextField.m */ = {isa = PBXFileReference; fileEncoding = 4; lastKnownFileType = sourcecode.c.objc; path = IASKTextField.m; sourceTree = "<group>"; };
		F161ECD81505F95A007466CB /* IASKAppSettingsView.xib */ = {isa = PBXFileReference; fileEncoding = 4; lastKnownFileType = file.xib; path = IASKAppSettingsView.xib; sourceTree = "<group>"; };
		F161ECD91505F95A007466CB /* IASKAppSettingsWebView.xib */ = {isa = PBXFileReference; fileEncoding = 4; lastKnownFileType = file.xib; path = IASKAppSettingsWebView.xib; sourceTree = "<group>"; };
		F161ECDA1505F95A007466CB /* IASKPSSliderSpecifierViewCell.xib */ = {isa = PBXFileReference; fileEncoding = 4; lastKnownFileType = file.xib; path = IASKPSSliderSpecifierViewCell.xib; sourceTree = "<group>"; };
		F161ECDB1505F95A007466CB /* IASKPSTextFieldSpecifierViewCell.xib */ = {isa = PBXFileReference; fileEncoding = 4; lastKnownFileType = file.xib; path = IASKPSTextFieldSpecifierViewCell.xib; sourceTree = "<group>"; };
		F161ECDC1505F95A007466CB /* IASKPSToggleSwitchSpecifierViewCell.xib */ = {isa = PBXFileReference; fileEncoding = 4; lastKnownFileType = file.xib; path = IASKPSToggleSwitchSpecifierViewCell.xib; sourceTree = "<group>"; };
		F161ECDD1505F95A007466CB /* IASKSpecifierValuesView.xib */ = {isa = PBXFileReference; fileEncoding = 4; lastKnownFileType = file.xib; path = IASKSpecifierValuesView.xib; sourceTree = "<group>"; };
		F185151A14D79C5800F01EAE /* RootViewControllerIPad.xib */ = {isa = PBXFileReference; fileEncoding = 4; lastKnownFileType = file.xib; path = RootViewControllerIPad.xib; sourceTree = "<group>"; };
		F185151D14D79C7C00F01EAE /* DetailViewIPad.xib */ = {isa = PBXFileReference; fileEncoding = 4; lastKnownFileType = file.xib; path = DetailViewIPad.xib; sourceTree = "<group>"; };
		F185152314D79FB500F01EAE /* MainWindow-iPad.xib */ = {isa = PBXFileReference; lastKnownFileType = file.xib; name = "MainWindow-iPad.xib"; path = "iPad/MainWindow-iPad.xib"; sourceTree = "<group>"; };
		F185152514D8DBC100F01EAE /* imgres.jpeg */ = {isa = PBXFileReference; lastKnownFileType = image.jpeg; path = imgres.jpeg; sourceTree = "<group>"; };
		F185152714D8DD9800F01EAE /* earth2-withpins72x72.png */ = {isa = PBXFileReference; lastKnownFileType = image.png; path = "earth2-withpins72x72.png"; sourceTree = "<group>"; };
		F185152914D8DDBB00F01EAE /* Default-Landscape~ipad.png */ = {isa = PBXFileReference; lastKnownFileType = image.png; path = "Default-Landscape~ipad.png"; sourceTree = "<group>"; };
		F189E94515564DAE007B381C /* note_edit.png */ = {isa = PBXFileReference; lastKnownFileType = image.png; path = note_edit.png; sourceTree = "<group>"; };
		F189E94715564DAE007B381C /* document_prepare.png */ = {isa = PBXFileReference; lastKnownFileType = image.png; path = document_prepare.png; sourceTree = "<group>"; };
		F194D4C3155ED4150041A74E /* Root.inApp.plist */ = {isa = PBXFileReference; fileEncoding = 4; lastKnownFileType = text.plist.xml; path = Root.inApp.plist; sourceTree = "<group>"; };
/* End PBXFileReference section */

/* Begin PBXFrameworksBuildPhase section */
		1D60588F0D05DD3D006BFB54 /* Frameworks */ = {
			isa = PBXFrameworksBuildPhase;
			buildActionMask = 2147483647;
			files = (
				F13D17131583A1D500D89DF0 /* StoreKit.framework in Frameworks */,
				F10CB8C51555E627008B12DD /* SystemConfiguration.framework in Frameworks */,
				F10CB8C31555E620008B12DD /* CFNetwork.framework in Frameworks */,
				B42D3A1B14703EB200EA1754 /* QuartzCore.framework in Frameworks */,
				B42D3A151468F19000EA1754 /* AddressBookUI.framework in Frameworks */,
				B42D3A131467B02200EA1754 /* MessageUI.framework in Frameworks */,
				B4E4E135145A739600ED4D33 /* CoreLocation.framework in Frameworks */,
				B4E4E121145A680E00ED4D33 /* MapKit.framework in Frameworks */,
				1D60589F0D05DD5A006BFB54 /* Foundation.framework in Frameworks */,
				1DF5F4E00D08C38300B7A737 /* UIKit.framework in Frameworks */,
				2892E4100DC94CBA00A64D0F /* CoreGraphics.framework in Frameworks */,
				F12E9CDB153FC654000B2B0D /* libFlurryAnalytics.a in Frameworks */,
			);
			runOnlyForDeploymentPostprocessing = 0;
		};
/* End PBXFrameworksBuildPhase section */

/* Begin PBXGroup section */
		080E96DDFE201D6D7F000001 /* Classes */ = {
			isa = PBXGroup;
			children = (
				F10CB8BD1555E337008B12DD /* Appirater.m */,
				F10CB8BE1555E337008B12DD /* Appirater.h */,
				F1064DA71511BD4400475567 /* Controller.h */,
				F1064DA81511BD4400475567 /* Controller.m */,
				F1064DA91511BD4400475567 /* Wrapper.h */,
				F1064DAA1511BD4400475567 /* Wrapper.m */,
				F1064DAB1511BD4400475567 /* WrapperDelegate.h */,
				F1064DAC1511BD4400475567 /* APIWorker.h */,
				F1064DAD1511BD4400475567 /* APIWorker.m */,
				B4E4E12B145A6ADF00ED4D33 /* MyLocation.h */,
				B4E4E12C145A6ADF00ED4D33 /* MyLocation.m */,
				B4E4E12D145A6ADF00ED4D33 /* TripsView.h */,
				B4E4E12E145A6ADF00ED4D33 /* TripsView.m */,
				B4E4E12F145A6ADF00ED4D33 /* Trip.h */,
				B4E4E130145A6ADF00ED4D33 /* Trip.m */,
				28C286DF0D94DF7D0034E888 /* RootViewController.h */,
				28C286E00D94DF7D0034E888 /* RootViewController.m */,
				1D3623240D0F684500981E51 /* TableViewAppDelegate.h */,
				1D3623250D0F684500981E51 /* TableViewAppDelegate.m */,
				3F1C79840F22964800A8D04C /* DetailViewController.h */,
				3F1C79850F22964800A8D04C /* DetailViewController.m */,
				B4E4E139145A87D000ED4D33 /* CoreLocationController.h */,
				B4E4E13A145A87D000ED4D33 /* CoreLocationController.m */,
				B46C06B01476369E00BC9C5F /* SplashScreen.h */,
				B46C06B11476369E00BC9C5F /* SplashScreen.m */,
				F13D17151583A20300D89DF0 /* InAppPurchaseManager.h */,
				F13D17161583A20300D89DF0 /* InAppPurchaseManager.m */,
				F13D17181583A35800D89DF0 /* SKProduct+LocalizedPrice.h */,
				F13D17191583A35800D89DF0 /* SKProduct+LocalizedPrice.m */,
			);
			path = Classes;
			sourceTree = "<group>";
		};
		19C28FACFE9D520D11CA2CBB /* Products */ = {
			isa = PBXGroup;
			children = (
				1D6058910D05DD3D006BFB54 /* TripLog.app */,
			);
			name = Products;
			sourceTree = "<group>";
		};
		29B97314FDCFA39411CA2CEA /* CustomTemplate */ = {
			isa = PBXGroup;
			children = (
				080E96DDFE201D6D7F000001 /* Classes */,
				29B97317FDCFA39411CA2CEA /* Resources */,
				29B97323FDCFA39411CA2CEA /* Frameworks */,
				19C28FACFE9D520D11CA2CBB /* Products */,
			);
			name = CustomTemplate;
			sourceTree = "<group>";
		};
		29B97317FDCFA39411CA2CEA /* Resources */ = {
			isa = PBXGroup;
			children = (
				28A0AAE50D9B0CCF005BE974 /* TripLog_Prefix.pch */,
				29B97316FDCFA39411CA2CEA /* main.m */,
				B45C851C147CD33E001D0ADF /* Entitlements.plist */,
				B46C06AB147622E700BC9C5F /* Settings.bundle */,
				F194D4C3155ED4150041A74E /* Root.inApp.plist */,
				B47745D41474D6F100B9513F /* linen_bg_tile.jpg */,
				F185152514D8DBC100F01EAE /* imgres.jpeg */,
				B45870B41478AAC500F0F8D5 /* Default@2x.png */,
				B45870AB1478A90400F0F8D5 /* Default.png */,
				F161EA321505F565007466CB /* gears.png */,
				F189E94515564DAE007B381C /* note_edit.png */,
				F185152914D8DDBB00F01EAE /* Default-Landscape~ipad.png */,
				F189E94715564DAE007B381C /* document_prepare.png */,
				B45870A31478A81500F0F8D5 /* earth2-withpins.png */,
				B45870B01478AA7E00F0F8D5 /* earth2-withpins-small.png */,
				F185152714D8DD9800F01EAE /* earth2-withpins72x72.png */,
				B45870B21478AA9800F0F8D5 /* Pinned Trail - Large.png */,
				B45870AD1478A98E00F0F8D5 /* Pinned Trail - Small.png */,
				B42D3A041467523F00EA1754 /* earth2.png */,
				B42D3A011467512B00EA1754 /* images.png */,
				B40A9E8A1463B29200B332CE /* logs.png */,
				B40A9E871463B21D00B332CE /* log.png */,
				8D1107310486CEB800E47090 /* Info.plist */,
				28AD735F0D9D9599002E5188 /* MainWindow.xib */,
				F1385CF714F027FC00596B26 /* MainWindowIPad.xib */,
				F185152314D79FB500F01EAE /* MainWindow-iPad.xib */,
				2899E55F0DE3E45000AC0155 /* RootViewController.xib */,
				F185151A14D79C5800F01EAE /* RootViewControllerIPad.xib */,
				B42D39ED14673BD300EA1754 /* DetailView.xib */,
				F185151D14D79C7C00F01EAE /* DetailViewIPad.xib */,
				B46C06B514763A1700BC9C5F /* SplashScreen.xib */,
			);
			name = Resources;
			sourceTree = "<group>";
		};
		29B97323FDCFA39411CA2CEA /* Frameworks */ = {
			isa = PBXGroup;
			children = (
				F13D17121583A1D500D89DF0 /* StoreKit.framework */,
				F12E9CD8153FC654000B2B0D /* FlurryAnalytics */,
				F161ECB51505F959007466CB /* InAppSettingsKit */,
				B40A9E8C1464D14F00B332CE /* TSAlertView */,
				F10CB8C41555E627008B12DD /* SystemConfiguration.framework */,
				F10CB8C21555E620008B12DD /* CFNetwork.framework */,
				B4E4E120145A680E00ED4D33 /* MapKit.framework */,
				B42D3A121467B02200EA1754 /* MessageUI.framework */,
				B4E4E134145A739600ED4D33 /* CoreLocation.framework */,
				B42D3A141468F19000EA1754 /* AddressBookUI.framework */,
				B42D3A1A14703EB200EA1754 /* QuartzCore.framework */,
				1DF5F4DF0D08C38300B7A737 /* UIKit.framework */,
				1D30AB110D05D00D00671497 /* Foundation.framework */,
				2892E40F0DC94CBA00A64D0F /* CoreGraphics.framework */,
			);
			name = Frameworks;
			sourceTree = "<group>";
		};
		B40A9E8C1464D14F00B332CE /* TSAlertView */ = {
			isa = PBXGroup;
			children = (
				B40A9E8D1464D1B500B332CE /* TSAlertView.h */,
				B40A9E8E1464D1B500B332CE /* TSAlertView.m */,
				B40A9E8F1464D1B500B332CE /* TSAlertViewBackground.png */,
				B40A9E901464D1B500B332CE /* TSAlertViewBackground2.png */,
				B40A9E911464D1B500B332CE /* TSAlertViewButtonBackground_Highlighted.png */,
				B40A9E921464D1B500B332CE /* TSAlertViewButtonBackground.png */,
				B40A9E931464D1B500B332CE /* TSAlertViewCancelButtonBackground.png */,
				B40A9E941464D1B500B332CE /* TSAlertViewMessageListViewShadow.png */,
			);
			name = TSAlertView;
			sourceTree = "<group>";
		};
		F12E9CD8153FC654000B2B0D /* FlurryAnalytics */ = {
			isa = PBXGroup;
			children = (
				F12E9CD9153FC654000B2B0D /* FlurryAnalytics.h */,
				F12E9CDA153FC654000B2B0D /* libFlurryAnalytics.a */,
			);
			name = FlurryAnalytics;
			path = "../RSS-Reader-App/FlurryAnalytics";
			sourceTree = "<group>";
		};
		F161ECB51505F959007466CB /* InAppSettingsKit */ = {
			isa = PBXGroup;
			children = (
				F161ECB61505F959007466CB /* Controllers */,
				F161ECBD1505F959007466CB /* Models */,
				F161ECC81505F95A007466CB /* Views */,
				F161ECD71505F95A007466CB /* Xibs */,
			);
			path = InAppSettingsKit;
			sourceTree = "<group>";
		};
		F161ECB61505F959007466CB /* Controllers */ = {
			isa = PBXGroup;
			children = (
				F161ECB71505F959007466CB /* IASKAppSettingsViewController.h */,
				F161ECB81505F959007466CB /* IASKAppSettingsViewController.m */,
				F161ECB91505F959007466CB /* IASKAppSettingsWebViewController.h */,
				F161ECBA1505F959007466CB /* IASKAppSettingsWebViewController.m */,
				F161ECBB1505F959007466CB /* IASKSpecifierValuesViewController.h */,
				F161ECBC1505F959007466CB /* IASKSpecifierValuesViewController.m */,
			);
			path = Controllers;
			sourceTree = "<group>";
		};
		F161ECBD1505F959007466CB /* Models */ = {
			isa = PBXGroup;
			children = (
				F161ECBE1505F959007466CB /* IASKSettingsReader.h */,
				F161ECBF1505F959007466CB /* IASKSettingsReader.m */,
				F161ECC01505F959007466CB /* IASKSettingsStore.h */,
				F161ECC11505F959007466CB /* IASKSettingsStore.m */,
				F161ECC21505F959007466CB /* IASKSettingsStoreFile.h */,
				F161ECC31505F959007466CB /* IASKSettingsStoreFile.m */,
				F161ECC41505F959007466CB /* IASKSettingsStoreUserDefaults.h */,
				F161ECC51505F959007466CB /* IASKSettingsStoreUserDefaults.m */,
				F161ECC61505F959007466CB /* IASKSpecifier.h */,
				F161ECC71505F959007466CB /* IASKSpecifier.m */,
			);
			path = Models;
			sourceTree = "<group>";
		};
		F161ECC81505F95A007466CB /* Views */ = {
			isa = PBXGroup;
			children = (
				F161ECC91505F95A007466CB /* IASKPSSliderSpecifierViewCell.h */,
				F161ECCA1505F95A007466CB /* IASKPSSliderSpecifierViewCell.m */,
				F161ECCB1505F95A007466CB /* IASKPSTextFieldSpecifierViewCell.h */,
				F161ECCC1505F95A007466CB /* IASKPSTextFieldSpecifierViewCell.m */,
				F161ECCD1505F95A007466CB /* IASKPSTitleValueSpecifierViewCell.h */,
				F161ECCE1505F95A007466CB /* IASKPSTitleValueSpecifierViewCell.m */,
				F161ECCF1505F95A007466CB /* IASKPSToggleSwitchSpecifierViewCell.h */,
				F161ECD01505F95A007466CB /* IASKPSToggleSwitchSpecifierViewCell.m */,
				F161ECD11505F95A007466CB /* IASKSlider.h */,
				F161ECD21505F95A007466CB /* IASKSlider.m */,
				F161ECD31505F95A007466CB /* IASKSwitch.h */,
				F161ECD41505F95A007466CB /* IASKSwitch.m */,
				F161ECD51505F95A007466CB /* IASKTextField.h */,
				F161ECD61505F95A007466CB /* IASKTextField.m */,
			);
			path = Views;
			sourceTree = "<group>";
		};
		F161ECD71505F95A007466CB /* Xibs */ = {
			isa = PBXGroup;
			children = (
				F161ECD81505F95A007466CB /* IASKAppSettingsView.xib */,
				F161ECD91505F95A007466CB /* IASKAppSettingsWebView.xib */,
				F161ECDA1505F95A007466CB /* IASKPSSliderSpecifierViewCell.xib */,
				F161ECDB1505F95A007466CB /* IASKPSTextFieldSpecifierViewCell.xib */,
				F161ECDC1505F95A007466CB /* IASKPSToggleSwitchSpecifierViewCell.xib */,
				F161ECDD1505F95A007466CB /* IASKSpecifierValuesView.xib */,
			);
			path = Xibs;
			sourceTree = "<group>";
		};
/* End PBXGroup section */

/* Begin PBXNativeTarget section */
		1D6058900D05DD3D006BFB54 /* Trip Log Free */ = {
			isa = PBXNativeTarget;
			buildConfigurationList = 1D6058960D05DD3E006BFB54 /* Build configuration list for PBXNativeTarget "Trip Log Free" */;
			buildPhases = (
				1D60588D0D05DD3D006BFB54 /* Resources */,
				1D60588E0D05DD3D006BFB54 /* Sources */,
				1D60588F0D05DD3D006BFB54 /* Frameworks */,
			);
			buildRules = (
			);
			dependencies = (
			);
			name = "Trip Log Free";
			productName = TableView;
			productReference = 1D6058910D05DD3D006BFB54 /* TripLog.app */;
			productType = "com.apple.product-type.application";
		};
/* End PBXNativeTarget section */

/* Begin PBXProject section */
		29B97313FDCFA39411CA2CEA /* Project object */ = {
			isa = PBXProject;
			attributes = {
				LastUpgradeCheck = 0430;
			};
			buildConfigurationList = C01FCF4E08A954540054247B /* Build configuration list for PBXProject "TripLog" */;
			compatibilityVersion = "Xcode 3.2";
			developmentRegion = English;
			hasScannedForEncodings = 1;
			knownRegions = (
				English,
				Japanese,
				French,
				German,
				en,
			);
			mainGroup = 29B97314FDCFA39411CA2CEA /* CustomTemplate */;
			projectDirPath = "";
			projectRoot = "";
			targets = (
				1D6058900D05DD3D006BFB54 /* Trip Log Free */,
			);
		};
/* End PBXProject section */

/* Begin PBXResourcesBuildPhase section */
		1D60588D0D05DD3D006BFB54 /* Resources */ = {
			isa = PBXResourcesBuildPhase;
			buildActionMask = 2147483647;
			files = (
				28AD73600D9D9599002E5188 /* MainWindow.xib in Resources */,
				2899E5600DE3E45000AC0155 /* RootViewController.xib in Resources */,
				B40A9E881463B21D00B332CE /* log.png in Resources */,
				B40A9E8B1463B29200B332CE /* logs.png in Resources */,
				B40A9E961464D1B500B332CE /* TSAlertViewBackground.png in Resources */,
				B40A9E971464D1B500B332CE /* TSAlertViewBackground2.png in Resources */,
				B40A9E981464D1B500B332CE /* TSAlertViewButtonBackground_Highlighted.png in Resources */,
				B40A9E991464D1B500B332CE /* TSAlertViewButtonBackground.png in Resources */,
				B40A9E9A1464D1B500B332CE /* TSAlertViewCancelButtonBackground.png in Resources */,
				B40A9E9B1464D1B500B332CE /* TSAlertViewMessageListViewShadow.png in Resources */,
				B42D39EE14673BD300EA1754 /* DetailView.xib in Resources */,
				B42D3A051467523F00EA1754 /* earth2.png in Resources */,
				B47745D51474D6F100B9513F /* linen_bg_tile.jpg in Resources */,
				B46C06AC147622E700BC9C5F /* Settings.bundle in Resources */,
				B46C06B614763A1700BC9C5F /* SplashScreen.xib in Resources */,
				B45870A41478A81500F0F8D5 /* earth2-withpins.png in Resources */,
				B45870AE1478A98E00F0F8D5 /* Pinned Trail - Small.png in Resources */,
				B45870AF1478A9AB00F0F8D5 /* Default.png in Resources */,
				B45870B11478AA7E00F0F8D5 /* earth2-withpins-small.png in Resources */,
				B45870B31478AA9800F0F8D5 /* Pinned Trail - Large.png in Resources */,
				B45870B51478AAC500F0F8D5 /* Default@2x.png in Resources */,
				B45C851D147CD33E001D0ADF /* Entitlements.plist in Resources */,
				F185151B14D79C5800F01EAE /* RootViewControllerIPad.xib in Resources */,
				F185151E14D79C7C00F01EAE /* DetailViewIPad.xib in Resources */,
				F185152414D79FB500F01EAE /* MainWindow-iPad.xib in Resources */,
				F185152614D8DBC100F01EAE /* imgres.jpeg in Resources */,
				F1385CF814F027FC00596B26 /* MainWindowIPad.xib in Resources */,
				F1385CF914F029AD00596B26 /* earth2-withpins72x72.png in Resources */,
				F161EA331505F565007466CB /* gears.png in Resources */,
				F161ECED1505F95A007466CB /* IASKAppSettingsView.xib in Resources */,
				F161ECEE1505F95A007466CB /* IASKAppSettingsWebView.xib in Resources */,
				F161ECEF1505F95A007466CB /* IASKPSSliderSpecifierViewCell.xib in Resources */,
				F161ECF01505F95A007466CB /* IASKPSTextFieldSpecifierViewCell.xib in Resources */,
				F161ECF11505F95A007466CB /* IASKPSToggleSwitchSpecifierViewCell.xib in Resources */,
				F161ECF21505F95A007466CB /* IASKSpecifierValuesView.xib in Resources */,
				F189E94C15564DAE007B381C /* note_edit.png in Resources */,
				F189E94E15564DAE007B381C /* document_prepare.png in Resources */,
				F194D4C4155ED4150041A74E /* Root.inApp.plist in Resources */,
			);
			runOnlyForDeploymentPostprocessing = 0;
		};
/* End PBXResourcesBuildPhase section */

/* Begin PBXSourcesBuildPhase section */
		1D60588E0D05DD3D006BFB54 /* Sources */ = {
			isa = PBXSourcesBuildPhase;
			buildActionMask = 2147483647;
			files = (
				F10CB8C01555E35A008B12DD /* Appirater.m in Sources */,
				F1064DB11511BE2900475567 /* Wrapper.m in Sources */,
				F1064DB01511BE1A00475567 /* Controller.m in Sources */,
				F1064DAF1511BE1500475567 /* APIWorker.m in Sources */,
				1D60589B0D05DD56006BFB54 /* main.m in Sources */,
				1D3623260D0F684500981E51 /* TableViewAppDelegate.m in Sources */,
				28C286E10D94DF7D0034E888 /* RootViewController.m in Sources */,
				3F1C79860F22964800A8D04C /* DetailViewController.m in Sources */,
				B4E4E131145A6ADF00ED4D33 /* MyLocation.m in Sources */,
				B4E4E132145A6ADF00ED4D33 /* TripsView.m in Sources */,
				B4E4E133145A6ADF00ED4D33 /* Trip.m in Sources */,
				B4E4E13B145A87D000ED4D33 /* CoreLocationController.m in Sources */,
				B40A9E951464D1B500B332CE /* TSAlertView.m in Sources */,
				B46C06B31476369E00BC9C5F /* SplashScreen.m in Sources */,
				F161ECDE1505F95A007466CB /* IASKAppSettingsViewController.m in Sources */,
				F161ECDF1505F95A007466CB /* IASKAppSettingsWebViewController.m in Sources */,
				F161ECE01505F95A007466CB /* IASKSpecifierValuesViewController.m in Sources */,
				F161ECE11505F95A007466CB /* IASKSettingsReader.m in Sources */,
				F161ECE21505F95A007466CB /* IASKSettingsStore.m in Sources */,
				F161ECE31505F95A007466CB /* IASKSettingsStoreFile.m in Sources */,
				F161ECE41505F95A007466CB /* IASKSettingsStoreUserDefaults.m in Sources */,
				F161ECE51505F95A007466CB /* IASKSpecifier.m in Sources */,
				F161ECE61505F95A007466CB /* IASKPSSliderSpecifierViewCell.m in Sources */,
				F161ECE71505F95A007466CB /* IASKPSTextFieldSpecifierViewCell.m in Sources */,
				F161ECE81505F95A007466CB /* IASKPSTitleValueSpecifierViewCell.m in Sources */,
				F161ECE91505F95A007466CB /* IASKPSToggleSwitchSpecifierViewCell.m in Sources */,
				F161ECEA1505F95A007466CB /* IASKSlider.m in Sources */,
				F161ECEB1505F95A007466CB /* IASKSwitch.m in Sources */,
				F161ECEC1505F95A007466CB /* IASKTextField.m in Sources */,
				F13D17171583A20300D89DF0 /* InAppPurchaseManager.m in Sources */,
				F13D171A1583A35800D89DF0 /* SKProduct+LocalizedPrice.m in Sources */,
			);
			runOnlyForDeploymentPostprocessing = 0;
		};
/* End PBXSourcesBuildPhase section */

/* Begin XCBuildConfiguration section */
		1D6058940D05DD3E006BFB54 /* Debug */ = {
			isa = XCBuildConfiguration;
			buildSettings = {
				ALWAYS_SEARCH_USER_PATHS = NO;
				CODE_SIGN_IDENTITY = "iPhone Developer: Nathaniel Meierpolys (TKN239JDGX)";
				"CODE_SIGN_IDENTITY[sdk=iphoneos*]" = "iPhone Developer: Nathaniel Meierpolys (TKN239JDGX)";
				COPY_PHASE_STRIP = NO;
				GCC_DYNAMIC_NO_PIC = NO;
				GCC_OPTIMIZATION_LEVEL = 0;
				GCC_PRECOMPILE_PREFIX_HEADER = YES;
				GCC_PREFIX_HEADER = TripLog_Prefix.pch;
				GCC_TREAT_WARNINGS_AS_ERRORS = NO;
				GCC_VERSION = com.apple.compilers.llvm.clang.1_0;
				INFOPLIST_FILE = Info.plist;
				IPHONEOS_DEPLOYMENT_TARGET = 5.0;
				LIBRARY_SEARCH_PATHS = (
					"$(inherited)",
					"\"$(SRCROOT)/../RSS-Reader-App/FlurryAnalytics\"",
				);
				ONLY_ACTIVE_ARCH = NO;
				PRODUCT_NAME = TripLog;
				PROVISIONING_PROFILE = "F52AA42B-8B81-406A-8E70-4D23BF675A5D";
				"PROVISIONING_PROFILE[sdk=iphoneos*]" = "D84E08D7-4B95-4996-95F9-0D17E35F5DCE";
				SDKROOT = iphoneos;
				TARGETED_DEVICE_FAMILY = "1,2";
			};
			name = Debug;
		};
		1D6058950D05DD3E006BFB54 /* Release */ = {
			isa = XCBuildConfiguration;
			buildSettings = {
				ALWAYS_SEARCH_USER_PATHS = NO;
				CODE_SIGN_IDENTITY = "iPhone Developer: Nathaniel Meierpolys (TKN239JDGX)";
				"CODE_SIGN_IDENTITY[sdk=iphoneos*]" = "iPhone Developer: Nathaniel Meierpolys (TKN239JDGX)";
				COPY_PHASE_STRIP = YES;
				GCC_PRECOMPILE_PREFIX_HEADER = YES;
				GCC_PREFIX_HEADER = TripLog_Prefix.pch;
				GCC_TREAT_WARNINGS_AS_ERRORS = NO;
				GCC_VERSION = com.apple.compilers.llvm.clang.1_0;
				INFOPLIST_FILE = Info.plist;
				IPHONEOS_DEPLOYMENT_TARGET = 5.0;
				LIBRARY_SEARCH_PATHS = (
					"$(inherited)",
					"\"$(SRCROOT)/../RSS-Reader-App/FlurryAnalytics\"",
				);
				ONLY_ACTIVE_ARCH = YES;
				PRODUCT_NAME = TripLog;
				PROVISIONING_PROFILE = "D84E08D7-4B95-4996-95F9-0D17E35F5DCE";
				"PROVISIONING_PROFILE[sdk=iphoneos*]" = "D84E08D7-4B95-4996-95F9-0D17E35F5DCE";
				SDKROOT = iphoneos;
				TARGETED_DEVICE_FAMILY = "1,2";
			};
			name = Release;
		};
		B45C851A147CD030001D0ADF /* Distribution */ = {
			isa = XCBuildConfiguration;
			buildSettings = {
				ARCHS = "$(ARCHS_STANDARD_32_BIT)";
				CODE_SIGN_ENTITLEMENTS = Entitlements.plist;
				CODE_SIGN_IDENTITY = "iPhone Developer: Nathaniel Meierpolys (TKN239JDGX)";
				"CODE_SIGN_IDENTITY[sdk=iphoneos*]" = "iPhone Distribution: Nathaniel Meierpolys";
				GCC_C_LANGUAGE_STANDARD = c99;
				GCC_WARN_ABOUT_RETURN_TYPE = YES;
				GCC_WARN_UNUSED_VARIABLE = YES;
				IPHONEOS_DEPLOYMENT_TARGET = 5.0;
				PROVISIONING_PROFILE = "A483A80D-F8F9-4475-ABBD-79658E086892";
				"PROVISIONING_PROFILE[sdk=iphoneos*]" = "F84BBB12-BB36-4BF5-9955-4EF1E129C58A";
				SDKROOT = iphoneos;
				TARGETED_DEVICE_FAMILY = "1,2";
			};
			name = Distribution;
		};
		B45C851B147CD030001D0ADF /* Distribution */ = {
			isa = XCBuildConfiguration;
			buildSettings = {
				ALWAYS_SEARCH_USER_PATHS = NO;
				CODE_SIGN_ENTITLEMENTS = Entitlements.plist;
				CODE_SIGN_IDENTITY = "iPhone Distribution: Nathaniel Meierpolys";
				"CODE_SIGN_IDENTITY[sdk=iphoneos*]" = "iPhone Developer: Nathaniel Meierpolys (TKN239JDGX)";
				COPY_PHASE_STRIP = YES;
				GCC_PRECOMPILE_PREFIX_HEADER = YES;
				GCC_PREFIX_HEADER = TripLog_Prefix.pch;
				GCC_TREAT_WARNINGS_AS_ERRORS = NO;
				GCC_VERSION = com.apple.compilers.llvm.clang.1_0;
				INFOPLIST_FILE = Info.plist;
				IPHONEOS_DEPLOYMENT_TARGET = 5.0;
				LIBRARY_SEARCH_PATHS = (
					"$(inherited)",
					"\"$(SRCROOT)/../RSS-Reader-App/FlurryAnalytics\"",
				);
				ONLY_ACTIVE_ARCH = YES;
				PRODUCT_NAME = TripLog;
				PROVISIONING_PROFILE = "C18E5DD4-C64F-4841-8764-445BADF2FB26";
				"PROVISIONING_PROFILE[sdk=iphoneos*]" = "D84E08D7-4B95-4996-95F9-0D17E35F5DCE";
				SDKROOT = iphoneos;
				TARGETED_DEVICE_FAMILY = "1,2";
			};
			name = Distribution;
		};
		C01FCF4F08A954540054247B /* Debug */ = {
			isa = XCBuildConfiguration;
			buildSettings = {
				ARCHS = "$(ARCHS_STANDARD_32_BIT)";
				CODE_SIGN_IDENTITY = "iPhone Developer: Nathaniel Meierpolys (TKN239JDGX)";
				"CODE_SIGN_IDENTITY[sdk=iphoneos*]" = "iPhone Developer: Nathaniel Meierpolys (TKN239JDGX)";
				GCC_C_LANGUAGE_STANDARD = c99;
				GCC_WARN_ABOUT_RETURN_TYPE = YES;
				GCC_WARN_UNUSED_VARIABLE = YES;
				IPHONEOS_DEPLOYMENT_TARGET = 5.0;
				ONLY_ACTIVE_ARCH = YES;
				PROVISIONING_PROFILE = "A483A80D-F8F9-4475-ABBD-79658E086892";
				"PROVISIONING_PROFILE[sdk=iphoneos*]" = "A483A80D-F8F9-4475-ABBD-79658E086892";
				SDKROOT = iphoneos;
				TARGETED_DEVICE_FAMILY = "1,2";
			};
			name = Debug;
		};
		C01FCF5008A954540054247B /* Release */ = {
			isa = XCBuildConfiguration;
			buildSettings = {
				ARCHS = "$(ARCHS_STANDARD_32_BIT)";
				CODE_SIGN_IDENTITY = "iPhone Developer: Nathaniel Meierpolys (TKN239JDGX)";
				"CODE_SIGN_IDENTITY[sdk=iphoneos*]" = "iPhone Distribution: Nathaniel Meierpolys";
				GCC_C_LANGUAGE_STANDARD = c99;
				GCC_WARN_ABOUT_RETURN_TYPE = YES;
				GCC_WARN_UNUSED_VARIABLE = YES;
				IPHONEOS_DEPLOYMENT_TARGET = 5.0;
				PROVISIONING_PROFILE = "A483A80D-F8F9-4475-ABBD-79658E086892";
				"PROVISIONING_PROFILE[sdk=iphoneos*]" = "F84BBB12-BB36-4BF5-9955-4EF1E129C58A";
				SDKROOT = iphoneos;
				TARGETED_DEVICE_FAMILY = "1,2";
			};
			name = Release;
		};
/* End XCBuildConfiguration section */

/* Begin XCConfigurationList section */
		1D6058960D05DD3E006BFB54 /* Build configuration list for PBXNativeTarget "Trip Log Free" */ = {
			isa = XCConfigurationList;
			buildConfigurations = (
				1D6058940D05DD3E006BFB54 /* Debug */,
				1D6058950D05DD3E006BFB54 /* Release */,
				B45C851B147CD030001D0ADF /* Distribution */,
			);
			defaultConfigurationIsVisible = 0;
			defaultConfigurationName = Release;
		};
		C01FCF4E08A954540054247B /* Build configuration list for PBXProject "TripLog" */ = {
			isa = XCConfigurationList;
			buildConfigurations = (
				C01FCF4F08A954540054247B /* Debug */,
				C01FCF5008A954540054247B /* Release */,
				B45C851A147CD030001D0ADF /* Distribution */,
			);
			defaultConfigurationIsVisible = 0;
			defaultConfigurationName = Release;
		};
/* End XCConfigurationList section */
	};
	rootObject = 29B97313FDCFA39411CA2CEA /* Project object */;
}
